
Microsoft Visual Studio Solution File, Format Version 12.00
# Visual Studio 2012
Project("{6989167D-11E4-40FE-8C1A-2192A86A7E90}") = "dllDikesOvertopping", "dllDikesOvertopping\dllDikesOvertopping.vfproj", "{7A17AB03-B82C-4262-82A6-8C210446685B}"
	ProjectSection(ProjectDependencies) = postProject
		{CFA0E06E-8B80-4EBF-8D86-7AAE1078CB6E} = {CFA0E06E-8B80-4EBF-8D86-7AAE1078CB6E}
		{42CC4E82-3D8A-46C8-8C2E-C0D949081D46} = {42CC4E82-3D8A-46C8-8C2E-C0D949081D46}
		{FE6745F2-AD87-49F0-9F86-1A16E57A3240} = {FE6745F2-AD87-49F0-9F86-1A16E57A3240}
		{DD90C2FD-52E2-49D7-80F0-BC229F0300A0} = {DD90C2FD-52E2-49D7-80F0-BC229F0300A0}
	EndProjectSection
EndProject
Project("{6989167D-11E4-40FE-8C1A-2192A86A7E90}") = "general", "general.vfproj", "{DD90C2FD-52E2-49D7-80F0-BC229F0300A0}"
	ProjectSection(ProjectDependencies) = postProject
		{CFA0E06E-8B80-4EBF-8D86-7AAE1078CB6E} = {CFA0E06E-8B80-4EBF-8D86-7AAE1078CB6E}
		{42CC4E82-3D8A-46C8-8C2E-C0D949081D46} = {42CC4E82-3D8A-46C8-8C2E-C0D949081D46}
	EndProjectSection
EndProject
Project("{6989167D-11E4-40FE-8C1A-2192A86A7E90}") = "feedback", "feedback.vfproj", "{CFA0E06E-8B80-4EBF-8D86-7AAE1078CB6E}"
	ProjectSection(ProjectDependencies) = postProject
		{42CC4E82-3D8A-46C8-8C2E-C0D949081D46} = {42CC4E82-3D8A-46C8-8C2E-C0D949081D46}
	EndProjectSection
EndProject
Project("{6989167D-11E4-40FE-8C1A-2192A86A7E90}") = "feedbackDLL", "feedbackDLL.vfproj", "{F346E361-38B4-4943-A70B-223CC7236614}"
	ProjectSection(ProjectDependencies) = postProject
		{CFA0E06E-8B80-4EBF-8D86-7AAE1078CB6E} = {CFA0E06E-8B80-4EBF-8D86-7AAE1078CB6E}
	EndProjectSection
EndProject
Project("{6989167D-11E4-40FE-8C1A-2192A86A7E90}") = "unitTests", "tests\unitTests\unitTests.vfproj", "{17BFEA15-7F4A-4395-B99B-0D7508BA29FE}"
	ProjectSection(ProjectDependencies) = postProject
		{7A17AB03-B82C-4262-82A6-8C210446685B} = {7A17AB03-B82C-4262-82A6-8C210446685B}
		{F346E361-38B4-4943-A70B-223CC7236614} = {F346E361-38B4-4943-A70B-223CC7236614}
		{CFA0E06E-8B80-4EBF-8D86-7AAE1078CB6E} = {CFA0E06E-8B80-4EBF-8D86-7AAE1078CB6E}
		{42CC4E82-3D8A-46C8-8C2E-C0D949081D46} = {42CC4E82-3D8A-46C8-8C2E-C0D949081D46}
		{4A06B783-877A-4359-A343-AEB67F045E30} = {4A06B783-877A-4359-A343-AEB67F045E30}
		{286C0AD0-DF13-4167-9D76-DB3BB562869A} = {286C0AD0-DF13-4167-9D76-DB3BB562869A}
		{FE6745F2-AD87-49F0-9F86-1A16E57A3240} = {FE6745F2-AD87-49F0-9F86-1A16E57A3240}
		{DD90C2FD-52E2-49D7-80F0-BC229F0300A0} = {DD90C2FD-52E2-49D7-80F0-BC229F0300A0}
	EndProjectSection
EndProject
Project("{6989167D-11E4-40FE-8C1A-2192A86A7E90}") = "ftnunit", "ftnunit.vfproj", "{286C0AD0-DF13-4167-9D76-DB3BB562869A}"
	ProjectSection(ProjectDependencies) = postProject
		{42CC4E82-3D8A-46C8-8C2E-C0D949081D46} = {42CC4E82-3D8A-46C8-8C2E-C0D949081D46}
		{DD90C2FD-52E2-49D7-80F0-BC229F0300A0} = {DD90C2FD-52E2-49D7-80F0-BC229F0300A0}
	EndProjectSection
EndProject
Project("{6989167D-11E4-40FE-8C1A-2192A86A7E90}") = "DikesOvertoppingTests", "tests\DikesOvertoppingTests\DikesOvertoppingTests.vfproj", "{4A06B783-877A-4359-A343-AEB67F045E30}"
	ProjectSection(ProjectDependencies) = postProject
		{7A17AB03-B82C-4262-82A6-8C210446685B} = {7A17AB03-B82C-4262-82A6-8C210446685B}
		{CFA0E06E-8B80-4EBF-8D86-7AAE1078CB6E} = {CFA0E06E-8B80-4EBF-8D86-7AAE1078CB6E}
		{42CC4E82-3D8A-46C8-8C2E-C0D949081D46} = {42CC4E82-3D8A-46C8-8C2E-C0D949081D46}
		{286C0AD0-DF13-4167-9D76-DB3BB562869A} = {286C0AD0-DF13-4167-9D76-DB3BB562869A}
		{FE6745F2-AD87-49F0-9F86-1A16E57A3240} = {FE6745F2-AD87-49F0-9F86-1A16E57A3240}
		{DD90C2FD-52E2-49D7-80F0-BC229F0300A0} = {DD90C2FD-52E2-49D7-80F0-BC229F0300A0}
	EndProjectSection
EndProject
Project("{6989167D-11E4-40FE-8C1A-2192A86A7E90}") = "LibOvertopping", "libDikesOvertopping\LibOvertopping.vfproj", "{FE6745F2-AD87-49F0-9F86-1A16E57A3240}"
	ProjectSection(ProjectDependencies) = postProject
		{CFA0E06E-8B80-4EBF-8D86-7AAE1078CB6E} = {CFA0E06E-8B80-4EBF-8D86-7AAE1078CB6E}
		{42CC4E82-3D8A-46C8-8C2E-C0D949081D46} = {42CC4E82-3D8A-46C8-8C2E-C0D949081D46}
		{DD90C2FD-52E2-49D7-80F0-BC229F0300A0} = {DD90C2FD-52E2-49D7-80F0-BC229F0300A0}
	EndProjectSection
EndProject
Project("{FAE04EC0-301F-11D3-BF4B-00C04F79EFBC}") = "TestWrapper", "..\wrappers\TestWrapper.csproj", "{FFBB9716-714F-43B4-B52B-79DC13DFEF84}"
	ProjectSection(ProjectDependencies) = postProject
		{7A17AB03-B82C-4262-82A6-8C210446685B} = {7A17AB03-B82C-4262-82A6-8C210446685B}
	EndProjectSection
EndProject
Project("{2150E333-8FDC-42A3-9474-1A3956D46DE8}") = "CoreLibs", "CoreLibs", "{FB970A3A-2D62-46C2-92C6-E7A3C5B6F894}"
EndProject
Project("{2150E333-8FDC-42A3-9474-1A3956D46DE8}") = "Tests", "Tests", "{168B8339-9734-4610-AF70-B0E0318D7EB7}"
EndProject
Project("{6989167D-11E4-40FE-8C1A-2192A86A7E90}") = "tools", "tools.vfproj", "{42CC4E82-3D8A-46C8-8C2E-C0D949081D46}"
EndProject
Project("{FAE04EC0-301F-11D3-BF4B-00C04F79EFBC}") = "TestRunner", "..\wrappers\TestRunner\TestRunner.csproj", "{D7A03A81-E2D5-4343-BF0E-5F1C5952A4D1}"
EndProject
Global
	GlobalSection(SolutionConfigurationPlatforms) = preSolution
		Debug|Any CPU = Debug|Any CPU
		Debug|Mixed Platforms = Debug|Mixed Platforms
		Debug|Win32 = Debug|Win32
		Release|Any CPU = Release|Any CPU
		Release|Mixed Platforms = Release|Mixed Platforms
		Release|Win32 = Release|Win32
	EndGlobalSection
	GlobalSection(ProjectConfigurationPlatforms) = postSolution
		{7A17AB03-B82C-4262-82A6-8C210446685B}.Debug|Any CPU.ActiveCfg = Debug|Win32
		{7A17AB03-B82C-4262-82A6-8C210446685B}.Debug|Mixed Platforms.ActiveCfg = Debug|Win32
		{7A17AB03-B82C-4262-82A6-8C210446685B}.Debug|Mixed Platforms.Build.0 = Debug|Win32
		{7A17AB03-B82C-4262-82A6-8C210446685B}.Debug|Win32.ActiveCfg = Debug|Win32
		{7A17AB03-B82C-4262-82A6-8C210446685B}.Debug|Win32.Build.0 = Debug|Win32
		{7A17AB03-B82C-4262-82A6-8C210446685B}.Release|Any CPU.ActiveCfg = Release|Win32
		{7A17AB03-B82C-4262-82A6-8C210446685B}.Release|Mixed Platforms.ActiveCfg = Release|Win32
		{7A17AB03-B82C-4262-82A6-8C210446685B}.Release|Mixed Platforms.Build.0 = Release|Win32
		{7A17AB03-B82C-4262-82A6-8C210446685B}.Release|Win32.ActiveCfg = Release|Win32
		{7A17AB03-B82C-4262-82A6-8C210446685B}.Release|Win32.Build.0 = Release|Win32
		{DD90C2FD-52E2-49D7-80F0-BC229F0300A0}.Debug|Any CPU.ActiveCfg = Debug|Win32
		{DD90C2FD-52E2-49D7-80F0-BC229F0300A0}.Debug|Mixed Platforms.ActiveCfg = Debug|Win32
		{DD90C2FD-52E2-49D7-80F0-BC229F0300A0}.Debug|Mixed Platforms.Build.0 = Debug|Win32
		{DD90C2FD-52E2-49D7-80F0-BC229F0300A0}.Debug|Win32.ActiveCfg = Debug|Win32
		{DD90C2FD-52E2-49D7-80F0-BC229F0300A0}.Debug|Win32.Build.0 = Debug|Win32
		{DD90C2FD-52E2-49D7-80F0-BC229F0300A0}.Release|Any CPU.ActiveCfg = Release|Win32
		{DD90C2FD-52E2-49D7-80F0-BC229F0300A0}.Release|Mixed Platforms.ActiveCfg = Release|Win32
		{DD90C2FD-52E2-49D7-80F0-BC229F0300A0}.Release|Mixed Platforms.Build.0 = Release|Win32
		{DD90C2FD-52E2-49D7-80F0-BC229F0300A0}.Release|Win32.ActiveCfg = Release|Win32
		{DD90C2FD-52E2-49D7-80F0-BC229F0300A0}.Release|Win32.Build.0 = Release|Win32
		{CFA0E06E-8B80-4EBF-8D86-7AAE1078CB6E}.Debug|Any CPU.ActiveCfg = Debug|Win32
		{CFA0E06E-8B80-4EBF-8D86-7AAE1078CB6E}.Debug|Mixed Platforms.ActiveCfg = Debug|Win32
		{CFA0E06E-8B80-4EBF-8D86-7AAE1078CB6E}.Debug|Mixed Platforms.Build.0 = Debug|Win32
		{CFA0E06E-8B80-4EBF-8D86-7AAE1078CB6E}.Debug|Win32.ActiveCfg = Debug|Win32
		{CFA0E06E-8B80-4EBF-8D86-7AAE1078CB6E}.Debug|Win32.Build.0 = Debug|Win32
		{CFA0E06E-8B80-4EBF-8D86-7AAE1078CB6E}.Release|Any CPU.ActiveCfg = Release|Win32
		{CFA0E06E-8B80-4EBF-8D86-7AAE1078CB6E}.Release|Mixed Platforms.ActiveCfg = Release|Win32
		{CFA0E06E-8B80-4EBF-8D86-7AAE1078CB6E}.Release|Mixed Platforms.Build.0 = Release|Win32
		{CFA0E06E-8B80-4EBF-8D86-7AAE1078CB6E}.Release|Win32.ActiveCfg = Release|Win32
		{CFA0E06E-8B80-4EBF-8D86-7AAE1078CB6E}.Release|Win32.Build.0 = Release|Win32
		{F346E361-38B4-4943-A70B-223CC7236614}.Debug|Any CPU.ActiveCfg = Debug|Win32
		{F346E361-38B4-4943-A70B-223CC7236614}.Debug|Mixed Platforms.ActiveCfg = Debug|Win32
		{F346E361-38B4-4943-A70B-223CC7236614}.Debug|Mixed Platforms.Build.0 = Debug|Win32
		{F346E361-38B4-4943-A70B-223CC7236614}.Debug|Win32.ActiveCfg = Debug|Win32
		{F346E361-38B4-4943-A70B-223CC7236614}.Debug|Win32.Build.0 = Debug|Win32
		{F346E361-38B4-4943-A70B-223CC7236614}.Release|Any CPU.ActiveCfg = Release|Win32
		{F346E361-38B4-4943-A70B-223CC7236614}.Release|Mixed Platforms.ActiveCfg = Release|Win32
		{F346E361-38B4-4943-A70B-223CC7236614}.Release|Mixed Platforms.Build.0 = Release|Win32
		{F346E361-38B4-4943-A70B-223CC7236614}.Release|Win32.ActiveCfg = Release|Win32
		{F346E361-38B4-4943-A70B-223CC7236614}.Release|Win32.Build.0 = Release|Win32
		{17BFEA15-7F4A-4395-B99B-0D7508BA29FE}.Debug|Any CPU.ActiveCfg = Debug|Win32
		{17BFEA15-7F4A-4395-B99B-0D7508BA29FE}.Debug|Mixed Platforms.ActiveCfg = Debug|Win32
		{17BFEA15-7F4A-4395-B99B-0D7508BA29FE}.Debug|Mixed Platforms.Build.0 = Debug|Win32
		{17BFEA15-7F4A-4395-B99B-0D7508BA29FE}.Debug|Win32.ActiveCfg = Debug|Win32
		{17BFEA15-7F4A-4395-B99B-0D7508BA29FE}.Debug|Win32.Build.0 = Debug|Win32
		{17BFEA15-7F4A-4395-B99B-0D7508BA29FE}.Release|Any CPU.ActiveCfg = Release|Win32
		{17BFEA15-7F4A-4395-B99B-0D7508BA29FE}.Release|Mixed Platforms.ActiveCfg = Release|Win32
		{17BFEA15-7F4A-4395-B99B-0D7508BA29FE}.Release|Mixed Platforms.Build.0 = Release|Win32
		{17BFEA15-7F4A-4395-B99B-0D7508BA29FE}.Release|Win32.ActiveCfg = Release|Win32
		{17BFEA15-7F4A-4395-B99B-0D7508BA29FE}.Release|Win32.Build.0 = Release|Win32
		{286C0AD0-DF13-4167-9D76-DB3BB562869A}.Debug|Any CPU.ActiveCfg = Debug|Win32
		{286C0AD0-DF13-4167-9D76-DB3BB562869A}.Debug|Mixed Platforms.ActiveCfg = Debug|Win32
		{286C0AD0-DF13-4167-9D76-DB3BB562869A}.Debug|Mixed Platforms.Build.0 = Debug|Win32
		{286C0AD0-DF13-4167-9D76-DB3BB562869A}.Debug|Win32.ActiveCfg = Debug|Win32
		{286C0AD0-DF13-4167-9D76-DB3BB562869A}.Debug|Win32.Build.0 = Debug|Win32
		{286C0AD0-DF13-4167-9D76-DB3BB562869A}.Release|Any CPU.ActiveCfg = Release|Win32
		{286C0AD0-DF13-4167-9D76-DB3BB562869A}.Release|Mixed Platforms.ActiveCfg = Release|Win32
		{286C0AD0-DF13-4167-9D76-DB3BB562869A}.Release|Mixed Platforms.Build.0 = Release|Win32
		{286C0AD0-DF13-4167-9D76-DB3BB562869A}.Release|Win32.ActiveCfg = Release|Win32
		{286C0AD0-DF13-4167-9D76-DB3BB562869A}.Release|Win32.Build.0 = Release|Win32
		{4A06B783-877A-4359-A343-AEB67F045E30}.Debug|Any CPU.ActiveCfg = Debug|Win32
		{4A06B783-877A-4359-A343-AEB67F045E30}.Debug|Mixed Platforms.ActiveCfg = Debug|Win32
		{4A06B783-877A-4359-A343-AEB67F045E30}.Debug|Mixed Platforms.Build.0 = Debug|Win32
		{4A06B783-877A-4359-A343-AEB67F045E30}.Debug|Win32.ActiveCfg = Debug|Win32
		{4A06B783-877A-4359-A343-AEB67F045E30}.Debug|Win32.Build.0 = Debug|Win32
		{4A06B783-877A-4359-A343-AEB67F045E30}.Release|Any CPU.ActiveCfg = Release|Win32
		{4A06B783-877A-4359-A343-AEB67F045E30}.Release|Mixed Platforms.ActiveCfg = Release|Win32
		{4A06B783-877A-4359-A343-AEB67F045E30}.Release|Mixed Platforms.Build.0 = Release|Win32
		{4A06B783-877A-4359-A343-AEB67F045E30}.Release|Win32.ActiveCfg = Release|Win32
		{4A06B783-877A-4359-A343-AEB67F045E30}.Release|Win32.Build.0 = Release|Win32
		{FE6745F2-AD87-49F0-9F86-1A16E57A3240}.Debug|Any CPU.ActiveCfg = Debug|Win32
		{FE6745F2-AD87-49F0-9F86-1A16E57A3240}.Debug|Mixed Platforms.ActiveCfg = Debug|Win32
		{FE6745F2-AD87-49F0-9F86-1A16E57A3240}.Debug|Mixed Platforms.Build.0 = Debug|Win32
		{FE6745F2-AD87-49F0-9F86-1A16E57A3240}.Debug|Win32.ActiveCfg = Debug|Win32
		{FE6745F2-AD87-49F0-9F86-1A16E57A3240}.Debug|Win32.Build.0 = Debug|Win32
		{FE6745F2-AD87-49F0-9F86-1A16E57A3240}.Release|Any CPU.ActiveCfg = Release|Win32
		{FE6745F2-AD87-49F0-9F86-1A16E57A3240}.Release|Mixed Platforms.ActiveCfg = Release|Win32
		{FE6745F2-AD87-49F0-9F86-1A16E57A3240}.Release|Mixed Platforms.Build.0 = Release|Win32
		{FE6745F2-AD87-49F0-9F86-1A16E57A3240}.Release|Win32.ActiveCfg = Release|Win32
		{FE6745F2-AD87-49F0-9F86-1A16E57A3240}.Release|Win32.Build.0 = Release|Win32
		{FFBB9716-714F-43B4-B52B-79DC13DFEF84}.Debug|Any CPU.ActiveCfg = Debug|Any CPU
		{FFBB9716-714F-43B4-B52B-79DC13DFEF84}.Debug|Any CPU.Build.0 = Debug|Any CPU
		{FFBB9716-714F-43B4-B52B-79DC13DFEF84}.Debug|Mixed Platforms.ActiveCfg = Debug|Any CPU
		{FFBB9716-714F-43B4-B52B-79DC13DFEF84}.Debug|Mixed Platforms.Build.0 = Debug|Any CPU
		{FFBB9716-714F-43B4-B52B-79DC13DFEF84}.Debug|Win32.ActiveCfg = Debug|x86
		{FFBB9716-714F-43B4-B52B-79DC13DFEF84}.Debug|Win32.Build.0 = Debug|x86
		{FFBB9716-714F-43B4-B52B-79DC13DFEF84}.Release|Any CPU.ActiveCfg = Release|Any CPU
		{FFBB9716-714F-43B4-B52B-79DC13DFEF84}.Release|Any CPU.Build.0 = Release|Any CPU
		{FFBB9716-714F-43B4-B52B-79DC13DFEF84}.Release|Mixed Platforms.ActiveCfg = Release|Any CPU
		{FFBB9716-714F-43B4-B52B-79DC13DFEF84}.Release|Mixed Platforms.Build.0 = Release|Any CPU
		{FFBB9716-714F-43B4-B52B-79DC13DFEF84}.Release|Win32.ActiveCfg = Release|x86
		{42CC4E82-3D8A-46C8-8C2E-C0D949081D46}.Debug|Any CPU.ActiveCfg = Debug|Win32
		{42CC4E82-3D8A-46C8-8C2E-C0D949081D46}.Debug|Mixed Platforms.ActiveCfg = Debug|Win32
		{42CC4E82-3D8A-46C8-8C2E-C0D949081D46}.Debug|Mixed Platforms.Build.0 = Debug|Win32
		{42CC4E82-3D8A-46C8-8C2E-C0D949081D46}.Debug|Win32.ActiveCfg = Debug|Win32
		{42CC4E82-3D8A-46C8-8C2E-C0D949081D46}.Debug|Win32.Build.0 = Debug|Win32
		{42CC4E82-3D8A-46C8-8C2E-C0D949081D46}.Release|Any CPU.ActiveCfg = Release|Win32
		{42CC4E82-3D8A-46C8-8C2E-C0D949081D46}.Release|Mixed Platforms.ActiveCfg = Release|Win32
		{42CC4E82-3D8A-46C8-8C2E-C0D949081D46}.Release|Mixed Platforms.Build.0 = Release|Win32
		{42CC4E82-3D8A-46C8-8C2E-C0D949081D46}.Release|Win32.ActiveCfg = Release|Win32
		{42CC4E82-3D8A-46C8-8C2E-C0D949081D46}.Release|Win32.Build.0 = Release|Win32
		{D7A03A81-E2D5-4343-BF0E-5F1C5952A4D1}.Debug|Any CPU.ActiveCfg = Debug|Any CPU
		{D7A03A81-E2D5-4343-BF0E-5F1C5952A4D1}.Debug|Any CPU.Build.0 = Debug|Any CPU
		{D7A03A81-E2D5-4343-BF0E-5F1C5952A4D1}.Debug|Mixed Platforms.ActiveCfg = Debug|Any CPU
		{D7A03A81-E2D5-4343-BF0E-5F1C5952A4D1}.Debug|Mixed Platforms.Build.0 = Debug|Any CPU
		{D7A03A81-E2D5-4343-BF0E-5F1C5952A4D1}.Debug|Win32.ActiveCfg = Debug|x86
		{D7A03A81-E2D5-4343-BF0E-5F1C5952A4D1}.Debug|Win32.Build.0 = Debug|x86
		{D7A03A81-E2D5-4343-BF0E-5F1C5952A4D1}.Release|Any CPU.ActiveCfg = Release|Any CPU
		{D7A03A81-E2D5-4343-BF0E-5F1C5952A4D1}.Release|Any CPU.Build.0 = Release|Any CPU
		{D7A03A81-E2D5-4343-BF0E-5F1C5952A4D1}.Release|Mixed Platforms.ActiveCfg = Release|Any CPU
		{D7A03A81-E2D5-4343-BF0E-5F1C5952A4D1}.Release|Mixed Platforms.Build.0 = Release|Any CPU
		{D7A03A81-E2D5-4343-BF0E-5F1C5952A4D1}.Release|Win32.ActiveCfg = Release|x86
	EndGlobalSection
	GlobalSection(SolutionProperties) = preSolution
		HideSolutionNode = FALSE
	EndGlobalSection
	GlobalSection(NestedProjects) = preSolution
		{CFA0E06E-8B80-4EBF-8D86-7AAE1078CB6E} = {FB970A3A-2D62-46C2-92C6-E7A3C5B6F894}
		{F346E361-38B4-4943-A70B-223CC7236614} = {FB970A3A-2D62-46C2-92C6-E7A3C5B6F894}
		{286C0AD0-DF13-4167-9D76-DB3BB562869A} = {FB970A3A-2D62-46C2-92C6-E7A3C5B6F894}
		{DD90C2FD-52E2-49D7-80F0-BC229F0300A0} = {FB970A3A-2D62-46C2-92C6-E7A3C5B6F894}
		{42CC4E82-3D8A-46C8-8C2E-C0D949081D46} = {FB970A3A-2D62-46C2-92C6-E7A3C5B6F894}
		{4A06B783-877A-4359-A343-AEB67F045E30} = {168B8339-9734-4610-AF70-B0E0318D7EB7}
		{FFBB9716-714F-43B4-B52B-79DC13DFEF84} = {168B8339-9734-4610-AF70-B0E0318D7EB7}
		{17BFEA15-7F4A-4395-B99B-0D7508BA29FE} = {168B8339-9734-4610-AF70-B0E0318D7EB7}
		{D7A03A81-E2D5-4343-BF0E-5F1C5952A4D1} = {168B8339-9734-4610-AF70-B0E0318D7EB7}
	EndGlobalSection
EndGlobal
