
Microsoft Visual Studio Solution File, Format Version 12.00
# Visual Studio Version 16
VisualStudioVersion = 16.0.31529.145
MinimumVisualStudioVersion = 10.0.40219.1
Project("{6989167D-11E4-40FE-8C1A-2192A86A7E90}") = "dllDikesOvertopping", "dllDikesOvertopping\dllDikesOvertopping.vfproj", "{7A17AB03-B82C-4262-82A6-8C210446685B}"
	ProjectSection(ProjectDependencies) = postProject
		{5071DD4B-ADBA-40E1-9D2B-CF1ED40D5E28} = {5071DD4B-ADBA-40E1-9D2B-CF1ED40D5E28}
		{F346E361-38B4-4943-A70B-223CC7236614} = {F346E361-38B4-4943-A70B-223CC7236614}
		{CFA0E06E-8B80-4EBF-8D86-7AAE1078CB6E} = {CFA0E06E-8B80-4EBF-8D86-7AAE1078CB6E}
		{42CC4E82-3D8A-46C8-8C2E-C0D949081D46} = {42CC4E82-3D8A-46C8-8C2E-C0D949081D46}
		{FE6745F2-AD87-49F0-9F86-1A16E57A3240} = {FE6745F2-AD87-49F0-9F86-1A16E57A3240}
		{DD90C2FD-52E2-49D7-80F0-BC229F0300A0} = {DD90C2FD-52E2-49D7-80F0-BC229F0300A0}
	EndProjectSection
EndProject
Project("{6989167D-11E4-40FE-8C1A-2192A86A7E90}") = "general", "external\general.vfproj", "{DD90C2FD-52E2-49D7-80F0-BC229F0300A0}"
	ProjectSection(ProjectDependencies) = postProject
		{5071DD4B-ADBA-40E1-9D2B-CF1ED40D5E28} = {5071DD4B-ADBA-40E1-9D2B-CF1ED40D5E28}
		{CFA0E06E-8B80-4EBF-8D86-7AAE1078CB6E} = {CFA0E06E-8B80-4EBF-8D86-7AAE1078CB6E}
		{42CC4E82-3D8A-46C8-8C2E-C0D949081D46} = {42CC4E82-3D8A-46C8-8C2E-C0D949081D46}
	EndProjectSection
EndProject
Project("{6989167D-11E4-40FE-8C1A-2192A86A7E90}") = "feedback", "external\feedback.vfproj", "{CFA0E06E-8B80-4EBF-8D86-7AAE1078CB6E}"
	ProjectSection(ProjectDependencies) = postProject
		{F346E361-38B4-4943-A70B-223CC7236614} = {F346E361-38B4-4943-A70B-223CC7236614}
		{42CC4E82-3D8A-46C8-8C2E-C0D949081D46} = {42CC4E82-3D8A-46C8-8C2E-C0D949081D46}
	EndProjectSection
EndProject
Project("{6989167D-11E4-40FE-8C1A-2192A86A7E90}") = "unitTests", "tests\unitTests\unitTests.vfproj", "{17BFEA15-7F4A-4395-B99B-0D7508BA29FE}"
	ProjectSection(ProjectDependencies) = postProject
		{F346E361-38B4-4943-A70B-223CC7236614} = {F346E361-38B4-4943-A70B-223CC7236614}
		{CFA0E06E-8B80-4EBF-8D86-7AAE1078CB6E} = {CFA0E06E-8B80-4EBF-8D86-7AAE1078CB6E}
		{42CC4E82-3D8A-46C8-8C2E-C0D949081D46} = {42CC4E82-3D8A-46C8-8C2E-C0D949081D46}
		{4A06B783-877A-4359-A343-AEB67F045E30} = {4A06B783-877A-4359-A343-AEB67F045E30}
		{286C0AD0-DF13-4167-9D76-DB3BB562869A} = {286C0AD0-DF13-4167-9D76-DB3BB562869A}
		{FE6745F2-AD87-49F0-9F86-1A16E57A3240} = {FE6745F2-AD87-49F0-9F86-1A16E57A3240}
		{DD90C2FD-52E2-49D7-80F0-BC229F0300A0} = {DD90C2FD-52E2-49D7-80F0-BC229F0300A0}
	EndProjectSection
EndProject
Project("{6989167D-11E4-40FE-8C1A-2192A86A7E90}") = "ftnunit", "external\ftnunit.vfproj", "{286C0AD0-DF13-4167-9D76-DB3BB562869A}"
	ProjectSection(ProjectDependencies) = postProject
		{42CC4E82-3D8A-46C8-8C2E-C0D949081D46} = {42CC4E82-3D8A-46C8-8C2E-C0D949081D46}
		{DD90C2FD-52E2-49D7-80F0-BC229F0300A0} = {DD90C2FD-52E2-49D7-80F0-BC229F0300A0}
	EndProjectSection
EndProject
Project("{6989167D-11E4-40FE-8C1A-2192A86A7E90}") = "DikesOvertoppingTests", "tests\DikesOvertoppingTests\DikesOvertoppingTests.vfproj", "{4A06B783-877A-4359-A343-AEB67F045E30}"
	ProjectSection(ProjectDependencies) = postProject
		{7A17AB03-B82C-4262-82A6-8C210446685B} = {7A17AB03-B82C-4262-82A6-8C210446685B}
		{CFA0E06E-8B80-4EBF-8D86-7AAE1078CB6E} = {CFA0E06E-8B80-4EBF-8D86-7AAE1078CB6E}
		{42CC4E82-3D8A-46C8-8C2E-C0D949081D46} = {42CC4E82-3D8A-46C8-8C2E-C0D949081D46}
		{286C0AD0-DF13-4167-9D76-DB3BB562869A} = {286C0AD0-DF13-4167-9D76-DB3BB562869A}
		{FE6745F2-AD87-49F0-9F86-1A16E57A3240} = {FE6745F2-AD87-49F0-9F86-1A16E57A3240}
		{DD90C2FD-52E2-49D7-80F0-BC229F0300A0} = {DD90C2FD-52E2-49D7-80F0-BC229F0300A0}
	EndProjectSection
EndProject
Project("{6989167D-11E4-40FE-8C1A-2192A86A7E90}") = "LibOvertopping", "libDikesOvertopping\LibOvertopping.vfproj", "{FE6745F2-AD87-49F0-9F86-1A16E57A3240}"
	ProjectSection(ProjectDependencies) = postProject
		{F346E361-38B4-4943-A70B-223CC7236614} = {F346E361-38B4-4943-A70B-223CC7236614}
		{CFA0E06E-8B80-4EBF-8D86-7AAE1078CB6E} = {CFA0E06E-8B80-4EBF-8D86-7AAE1078CB6E}
		{42CC4E82-3D8A-46C8-8C2E-C0D949081D46} = {42CC4E82-3D8A-46C8-8C2E-C0D949081D46}
		{DD90C2FD-52E2-49D7-80F0-BC229F0300A0} = {DD90C2FD-52E2-49D7-80F0-BC229F0300A0}
	EndProjectSection
EndProject
Project("{FAE04EC0-301F-11D3-BF4B-00C04F79EFBC}") = "TestWrapper", "..\wrappers\TestWrapper.csproj", "{FFBB9716-714F-43B4-B52B-79DC13DFEF84}"
	ProjectSection(ProjectDependencies) = postProject
		{7A17AB03-B82C-4262-82A6-8C210446685B} = {7A17AB03-B82C-4262-82A6-8C210446685B}
	EndProjectSection
EndProject
Project("{2150E333-8FDC-42A3-9474-1A3956D46DE8}") = "CoreLibs", "CoreLibs", "{FB970A3A-2D62-46C2-92C6-E7A3C5B6F894}"
EndProject
Project("{2150E333-8FDC-42A3-9474-1A3956D46DE8}") = "Tests", "Tests", "{168B8339-9734-4610-AF70-B0E0318D7EB7}"
EndProject
Project("{6989167D-11E4-40FE-8C1A-2192A86A7E90}") = "tools", "external\tools.vfproj", "{42CC4E82-3D8A-46C8-8C2E-C0D949081D46}"
EndProject
Project("{8BC9CEB8-8B4A-11D0-8D11-00A0C91BC942}") = "winapi", "external\winapi.vcxproj", "{5071DD4B-ADBA-40E1-9D2B-CF1ED40D5E28}"
EndProject
Project("{6989167D-11E4-40FE-8C1A-2192A86A7E90}") = "feedbackDLL", "external\feedbackDLL.vfproj", "{F346E361-38B4-4943-A70B-223CC7236614}"
	ProjectSection(ProjectDependencies) = postProject
		{35376A27-9C8C-498F-B770-392DE1B30335} = {35376A27-9C8C-498F-B770-392DE1B30335}
		{42CC4E82-3D8A-46C8-8C2E-C0D949081D46} = {42CC4E82-3D8A-46C8-8C2E-C0D949081D46}
	EndProjectSection
EndProject
Project("{8BC9CEB8-8B4A-11D0-8D11-00A0C91BC942}") = "HydraRing.Common.Native", "external\HydraRing.Common.Native.vcxproj", "{35376A27-9C8C-498F-B770-392DE1B30335}"
EndProject
Project("{6989167D-11E4-40FE-8C1A-2192A86A7E90}") = "runOvertopping", "runOvertopping\runOvertopping.vfproj", "{15CCC77E-58E0-4FE9-990D-C6BE8D0AA4E4}"
	ProjectSection(ProjectDependencies) = postProject
		{F346E361-38B4-4943-A70B-223CC7236614} = {F346E361-38B4-4943-A70B-223CC7236614}
		{CFA0E06E-8B80-4EBF-8D86-7AAE1078CB6E} = {CFA0E06E-8B80-4EBF-8D86-7AAE1078CB6E}
		{42CC4E82-3D8A-46C8-8C2E-C0D949081D46} = {42CC4E82-3D8A-46C8-8C2E-C0D949081D46}
		{FE6745F2-AD87-49F0-9F86-1A16E57A3240} = {FE6745F2-AD87-49F0-9F86-1A16E57A3240}
		{DD90C2FD-52E2-49D7-80F0-BC229F0300A0} = {DD90C2FD-52E2-49D7-80F0-BC229F0300A0}
	EndProjectSection
EndProject
Global
	GlobalSection(SolutionConfigurationPlatforms) = preSolution
		Debug|Win32 = Debug|Win32
		Debug|x64 = Debug|x64
		Release|Win32 = Release|Win32
		Release|x64 = Release|x64
	EndGlobalSection
	GlobalSection(ProjectConfigurationPlatforms) = postSolution
		{7A17AB03-B82C-4262-82A6-8C210446685B}.Debug|Win32.ActiveCfg = Debug|Win32
		{7A17AB03-B82C-4262-82A6-8C210446685B}.Debug|Win32.Build.0 = Debug|Win32
		{7A17AB03-B82C-4262-82A6-8C210446685B}.Debug|x64.ActiveCfg = Debug|x64
		{7A17AB03-B82C-4262-82A6-8C210446685B}.Debug|x64.Build.0 = Debug|x64
		{7A17AB03-B82C-4262-82A6-8C210446685B}.Release|Win32.ActiveCfg = Release|Win32
		{7A17AB03-B82C-4262-82A6-8C210446685B}.Release|Win32.Build.0 = Release|Win32
		{7A17AB03-B82C-4262-82A6-8C210446685B}.Release|x64.ActiveCfg = Release|x64
		{7A17AB03-B82C-4262-82A6-8C210446685B}.Release|x64.Build.0 = Release|x64
		{DD90C2FD-52E2-49D7-80F0-BC229F0300A0}.Debug|Win32.ActiveCfg = Debug|Win32
		{DD90C2FD-52E2-49D7-80F0-BC229F0300A0}.Debug|Win32.Build.0 = Debug|Win32
		{DD90C2FD-52E2-49D7-80F0-BC229F0300A0}.Debug|x64.ActiveCfg = Debug|x64
		{DD90C2FD-52E2-49D7-80F0-BC229F0300A0}.Debug|x64.Build.0 = Debug|x64
		{DD90C2FD-52E2-49D7-80F0-BC229F0300A0}.Release|Win32.ActiveCfg = Release|Win32
		{DD90C2FD-52E2-49D7-80F0-BC229F0300A0}.Release|Win32.Build.0 = Release|Win32
		{DD90C2FD-52E2-49D7-80F0-BC229F0300A0}.Release|x64.ActiveCfg = Release|x64
		{DD90C2FD-52E2-49D7-80F0-BC229F0300A0}.Release|x64.Build.0 = Release|x64
		{CFA0E06E-8B80-4EBF-8D86-7AAE1078CB6E}.Debug|Win32.ActiveCfg = Debug|Win32
		{CFA0E06E-8B80-4EBF-8D86-7AAE1078CB6E}.Debug|Win32.Build.0 = Debug|Win32
		{CFA0E06E-8B80-4EBF-8D86-7AAE1078CB6E}.Debug|x64.ActiveCfg = Debug|x64
		{CFA0E06E-8B80-4EBF-8D86-7AAE1078CB6E}.Debug|x64.Build.0 = Debug|x64
		{CFA0E06E-8B80-4EBF-8D86-7AAE1078CB6E}.Release|Win32.ActiveCfg = Release|Win32
		{CFA0E06E-8B80-4EBF-8D86-7AAE1078CB6E}.Release|Win32.Build.0 = Release|Win32
		{CFA0E06E-8B80-4EBF-8D86-7AAE1078CB6E}.Release|x64.ActiveCfg = Release|x64
		{CFA0E06E-8B80-4EBF-8D86-7AAE1078CB6E}.Release|x64.Build.0 = Release|x64
		{17BFEA15-7F4A-4395-B99B-0D7508BA29FE}.Debug|Win32.ActiveCfg = Debug|Win32
		{17BFEA15-7F4A-4395-B99B-0D7508BA29FE}.Debug|Win32.Build.0 = Debug|Win32
		{17BFEA15-7F4A-4395-B99B-0D7508BA29FE}.Debug|x64.ActiveCfg = Debug|x64
		{17BFEA15-7F4A-4395-B99B-0D7508BA29FE}.Debug|x64.Build.0 = Debug|x64
		{17BFEA15-7F4A-4395-B99B-0D7508BA29FE}.Release|Win32.ActiveCfg = Release|Win32
		{17BFEA15-7F4A-4395-B99B-0D7508BA29FE}.Release|Win32.Build.0 = Release|Win32
		{17BFEA15-7F4A-4395-B99B-0D7508BA29FE}.Release|x64.ActiveCfg = Release|x64
		{17BFEA15-7F4A-4395-B99B-0D7508BA29FE}.Release|x64.Build.0 = Release|x64
		{286C0AD0-DF13-4167-9D76-DB3BB562869A}.Debug|Win32.ActiveCfg = Debug|Win32
		{286C0AD0-DF13-4167-9D76-DB3BB562869A}.Debug|Win32.Build.0 = Debug|Win32
		{286C0AD0-DF13-4167-9D76-DB3BB562869A}.Debug|x64.ActiveCfg = Debug|x64
		{286C0AD0-DF13-4167-9D76-DB3BB562869A}.Debug|x64.Build.0 = Debug|x64
		{286C0AD0-DF13-4167-9D76-DB3BB562869A}.Release|Win32.ActiveCfg = Release|Win32
		{286C0AD0-DF13-4167-9D76-DB3BB562869A}.Release|Win32.Build.0 = Release|Win32
		{286C0AD0-DF13-4167-9D76-DB3BB562869A}.Release|x64.ActiveCfg = Release|x64
		{286C0AD0-DF13-4167-9D76-DB3BB562869A}.Release|x64.Build.0 = Release|x64
		{4A06B783-877A-4359-A343-AEB67F045E30}.Debug|Win32.ActiveCfg = Debug|Win32
		{4A06B783-877A-4359-A343-AEB67F045E30}.Debug|Win32.Build.0 = Debug|Win32
		{4A06B783-877A-4359-A343-AEB67F045E30}.Debug|x64.ActiveCfg = Debug|x64
		{4A06B783-877A-4359-A343-AEB67F045E30}.Debug|x64.Build.0 = Debug|x64
		{4A06B783-877A-4359-A343-AEB67F045E30}.Release|Win32.ActiveCfg = Release|Win32
		{4A06B783-877A-4359-A343-AEB67F045E30}.Release|Win32.Build.0 = Release|Win32
		{4A06B783-877A-4359-A343-AEB67F045E30}.Release|x64.ActiveCfg = Release|x64
		{4A06B783-877A-4359-A343-AEB67F045E30}.Release|x64.Build.0 = Release|x64
		{FE6745F2-AD87-49F0-9F86-1A16E57A3240}.Debug|Win32.ActiveCfg = Debug|Win32
		{FE6745F2-AD87-49F0-9F86-1A16E57A3240}.Debug|Win32.Build.0 = Debug|Win32
		{FE6745F2-AD87-49F0-9F86-1A16E57A3240}.Debug|x64.ActiveCfg = Debug|x64
		{FE6745F2-AD87-49F0-9F86-1A16E57A3240}.Debug|x64.Build.0 = Debug|x64
		{FE6745F2-AD87-49F0-9F86-1A16E57A3240}.Release|Win32.ActiveCfg = Release|Win32
		{FE6745F2-AD87-49F0-9F86-1A16E57A3240}.Release|Win32.Build.0 = Release|Win32
		{FE6745F2-AD87-49F0-9F86-1A16E57A3240}.Release|x64.ActiveCfg = Release|x64
		{FE6745F2-AD87-49F0-9F86-1A16E57A3240}.Release|x64.Build.0 = Release|x64
		{FFBB9716-714F-43B4-B52B-79DC13DFEF84}.Debug|Win32.ActiveCfg = Debug|x86
		{FFBB9716-714F-43B4-B52B-79DC13DFEF84}.Debug|Win32.Build.0 = Debug|x86
		{FFBB9716-714F-43B4-B52B-79DC13DFEF84}.Debug|x64.ActiveCfg = Debug|x64
		{FFBB9716-714F-43B4-B52B-79DC13DFEF84}.Debug|x64.Build.0 = Debug|x64
		{FFBB9716-714F-43B4-B52B-79DC13DFEF84}.Release|Win32.ActiveCfg = Release|x86
		{FFBB9716-714F-43B4-B52B-79DC13DFEF84}.Release|Win32.Build.0 = Release|x86
		{FFBB9716-714F-43B4-B52B-79DC13DFEF84}.Release|x64.ActiveCfg = Release|x64
		{FFBB9716-714F-43B4-B52B-79DC13DFEF84}.Release|x64.Build.0 = Release|x64
		{42CC4E82-3D8A-46C8-8C2E-C0D949081D46}.Debug|Win32.ActiveCfg = Debug|Win32
		{42CC4E82-3D8A-46C8-8C2E-C0D949081D46}.Debug|Win32.Build.0 = Debug|Win32
		{42CC4E82-3D8A-46C8-8C2E-C0D949081D46}.Debug|x64.ActiveCfg = Debug|x64
		{42CC4E82-3D8A-46C8-8C2E-C0D949081D46}.Debug|x64.Build.0 = Debug|x64
		{42CC4E82-3D8A-46C8-8C2E-C0D949081D46}.Release|Win32.ActiveCfg = Release|Win32
		{42CC4E82-3D8A-46C8-8C2E-C0D949081D46}.Release|Win32.Build.0 = Release|Win32
		{42CC4E82-3D8A-46C8-8C2E-C0D949081D46}.Release|x64.ActiveCfg = Release|x64
		{42CC4E82-3D8A-46C8-8C2E-C0D949081D46}.Release|x64.Build.0 = Release|x64
		{5071DD4B-ADBA-40E1-9D2B-CF1ED40D5E28}.Debug|Win32.ActiveCfg = Debug|Win32
		{5071DD4B-ADBA-40E1-9D2B-CF1ED40D5E28}.Debug|Win32.Build.0 = Debug|Win32
		{5071DD4B-ADBA-40E1-9D2B-CF1ED40D5E28}.Debug|x64.ActiveCfg = Debug|x64
		{5071DD4B-ADBA-40E1-9D2B-CF1ED40D5E28}.Debug|x64.Build.0 = Debug|x64
		{5071DD4B-ADBA-40E1-9D2B-CF1ED40D5E28}.Release|Win32.ActiveCfg = Release|Win32
		{5071DD4B-ADBA-40E1-9D2B-CF1ED40D5E28}.Release|Win32.Build.0 = Release|Win32
		{5071DD4B-ADBA-40E1-9D2B-CF1ED40D5E28}.Release|x64.ActiveCfg = Release|x64
		{5071DD4B-ADBA-40E1-9D2B-CF1ED40D5E28}.Release|x64.Build.0 = Release|x64
		{F346E361-38B4-4943-A70B-223CC7236614}.Debug|Win32.ActiveCfg = Debug|Win32
		{F346E361-38B4-4943-A70B-223CC7236614}.Debug|Win32.Build.0 = Debug|Win32
		{F346E361-38B4-4943-A70B-223CC7236614}.Debug|x64.ActiveCfg = Debug|x64
		{F346E361-38B4-4943-A70B-223CC7236614}.Debug|x64.Build.0 = Debug|x64
		{F346E361-38B4-4943-A70B-223CC7236614}.Release|Win32.ActiveCfg = Release|Win32
		{F346E361-38B4-4943-A70B-223CC7236614}.Release|Win32.Build.0 = Release|Win32
		{F346E361-38B4-4943-A70B-223CC7236614}.Release|x64.ActiveCfg = Release|x64
		{F346E361-38B4-4943-A70B-223CC7236614}.Release|x64.Build.0 = Release|x64
		{35376A27-9C8C-498F-B770-392DE1B30335}.Debug|Win32.ActiveCfg = Debug|Win32
		{35376A27-9C8C-498F-B770-392DE1B30335}.Debug|Win32.Build.0 = Debug|Win32
		{35376A27-9C8C-498F-B770-392DE1B30335}.Debug|x64.ActiveCfg = Debug|x64
		{35376A27-9C8C-498F-B770-392DE1B30335}.Debug|x64.Build.0 = Debug|x64
		{35376A27-9C8C-498F-B770-392DE1B30335}.Release|Win32.ActiveCfg = Release|Win32
		{35376A27-9C8C-498F-B770-392DE1B30335}.Release|Win32.Build.0 = Release|Win32
		{35376A27-9C8C-498F-B770-392DE1B30335}.Release|x64.ActiveCfg = Release|x64
		{35376A27-9C8C-498F-B770-392DE1B30335}.Release|x64.Build.0 = Release|x64
		{15CCC77E-58E0-4FE9-990D-C6BE8D0AA4E4}.Debug|Win32.ActiveCfg = Debug|Win32
		{15CCC77E-58E0-4FE9-990D-C6BE8D0AA4E4}.Debug|Win32.Build.0 = Debug|Win32
		{15CCC77E-58E0-4FE9-990D-C6BE8D0AA4E4}.Debug|x64.ActiveCfg = Debug|x64
		{15CCC77E-58E0-4FE9-990D-C6BE8D0AA4E4}.Debug|x64.Build.0 = Debug|x64
		{15CCC77E-58E0-4FE9-990D-C6BE8D0AA4E4}.Release|Win32.ActiveCfg = Release|Win32
		{15CCC77E-58E0-4FE9-990D-C6BE8D0AA4E4}.Release|Win32.Build.0 = Release|Win32
		{15CCC77E-58E0-4FE9-990D-C6BE8D0AA4E4}.Release|x64.ActiveCfg = Release|x64
		{15CCC77E-58E0-4FE9-990D-C6BE8D0AA4E4}.Release|x64.Build.0 = Release|x64
	EndGlobalSection
	GlobalSection(SolutionProperties) = preSolution
		HideSolutionNode = FALSE
	EndGlobalSection
	GlobalSection(NestedProjects) = preSolution
		{DD90C2FD-52E2-49D7-80F0-BC229F0300A0} = {FB970A3A-2D62-46C2-92C6-E7A3C5B6F894}
		{CFA0E06E-8B80-4EBF-8D86-7AAE1078CB6E} = {FB970A3A-2D62-46C2-92C6-E7A3C5B6F894}
		{17BFEA15-7F4A-4395-B99B-0D7508BA29FE} = {168B8339-9734-4610-AF70-B0E0318D7EB7}
		{286C0AD0-DF13-4167-9D76-DB3BB562869A} = {FB970A3A-2D62-46C2-92C6-E7A3C5B6F894}
		{4A06B783-877A-4359-A343-AEB67F045E30} = {168B8339-9734-4610-AF70-B0E0318D7EB7}
		{FFBB9716-714F-43B4-B52B-79DC13DFEF84} = {168B8339-9734-4610-AF70-B0E0318D7EB7}
		{42CC4E82-3D8A-46C8-8C2E-C0D949081D46} = {FB970A3A-2D62-46C2-92C6-E7A3C5B6F894}
		{5071DD4B-ADBA-40E1-9D2B-CF1ED40D5E28} = {FB970A3A-2D62-46C2-92C6-E7A3C5B6F894}
		{F346E361-38B4-4943-A70B-223CC7236614} = {FB970A3A-2D62-46C2-92C6-E7A3C5B6F894}
		{35376A27-9C8C-498F-B770-392DE1B30335} = {FB970A3A-2D62-46C2-92C6-E7A3C5B6F894}
	EndGlobalSection
	GlobalSection(ExtensibilityGlobals) = postSolution
		SolutionGuid = {91EC82A4-6F82-49BD-9567-D7CF1B6DC09C}
	EndGlobalSection
EndGlobal
